
Microsoft Visual Studio Solution File, Format Version 12.00
# Visual Studio 14
VisualStudioVersion = 14.0.25123.0
MinimumVisualStudioVersion = 10.0.40219.1
Project("{FAE04EC0-301F-11D3-BF4B-00C04F79EFBC}") = "Modelos", "Modelos\Modelos.csproj", "{6B9DD360-E23F-4787-A49E-FE0B5B7D7D3E}"
EndProject
Project("{FAE04EC0-301F-11D3-BF4B-00C04F79EFBC}") = "Logica", "Logica\Logica.csproj", "{A04E6819-701E-4A3E-AA4D-8330A3EB6850}"
EndProject
Project("{FAE04EC0-301F-11D3-BF4B-00C04F79EFBC}") = "Storage", "Storage\Storage.csproj", "{CCA8B731-0106-43DB-82DB-AEB9385808F4}"
EndProject
Project("{FAE04EC0-301F-11D3-BF4B-00C04F79EFBC}") = "Vistas", "Vistas\Vistas.csproj", "{562DB5B7-B064-4519-A623-D81EE59CC6A1}"
EndProject
Global
	GlobalSection(SolutionConfigurationPlatforms) = preSolution
		Debug|Any CPU = Debug|Any CPU
		Debug|ARM = Debug|ARM
		Debug|x64 = Debug|x64
		Debug|x86 = Debug|x86
		Release|Any CPU = Release|Any CPU
		Release|ARM = Release|ARM
		Release|x64 = Release|x64
		Release|x86 = Release|x86
	EndGlobalSection
	GlobalSection(ProjectConfigurationPlatforms) = postSolution
		{6B9DD360-E23F-4787-A49E-FE0B5B7D7D3E}.Debug|Any CPU.ActiveCfg = Debug|Any CPU
		{6B9DD360-E23F-4787-A49E-FE0B5B7D7D3E}.Debug|Any CPU.Build.0 = Debug|Any CPU
		{6B9DD360-E23F-4787-A49E-FE0B5B7D7D3E}.Debug|ARM.ActiveCfg = Debug|ARM
		{6B9DD360-E23F-4787-A49E-FE0B5B7D7D3E}.Debug|ARM.Build.0 = Debug|ARM
		{6B9DD360-E23F-4787-A49E-FE0B5B7D7D3E}.Debug|x64.ActiveCfg = Debug|x64
		{6B9DD360-E23F-4787-A49E-FE0B5B7D7D3E}.Debug|x64.Build.0 = Debug|x64
		{6B9DD360-E23F-4787-A49E-FE0B5B7D7D3E}.Debug|x86.ActiveCfg = Debug|x86
		{6B9DD360-E23F-4787-A49E-FE0B5B7D7D3E}.Debug|x86.Build.0 = Debug|x86
		{6B9DD360-E23F-4787-A49E-FE0B5B7D7D3E}.Release|Any CPU.ActiveCfg = Release|Any CPU
		{6B9DD360-E23F-4787-A49E-FE0B5B7D7D3E}.Release|Any CPU.Build.0 = Release|Any CPU
		{6B9DD360-E23F-4787-A49E-FE0B5B7D7D3E}.Release|ARM.ActiveCfg = Release|ARM
		{6B9DD360-E23F-4787-A49E-FE0B5B7D7D3E}.Release|ARM.Build.0 = Release|ARM
		{6B9DD360-E23F-4787-A49E-FE0B5B7D7D3E}.Release|x64.ActiveCfg = Release|x64
		{6B9DD360-E23F-4787-A49E-FE0B5B7D7D3E}.Release|x64.Build.0 = Release|x64
		{6B9DD360-E23F-4787-A49E-FE0B5B7D7D3E}.Release|x86.ActiveCfg = Release|x86
		{6B9DD360-E23F-4787-A49E-FE0B5B7D7D3E}.Release|x86.Build.0 = Release|x86
		{A04E6819-701E-4A3E-AA4D-8330A3EB6850}.Debug|Any CPU.ActiveCfg = Debug|Any CPU
		{A04E6819-701E-4A3E-AA4D-8330A3EB6850}.Debug|Any CPU.Build.0 = Debug|Any CPU
		{A04E6819-701E-4A3E-AA4D-8330A3EB6850}.Debug|ARM.ActiveCfg = Debug|ARM
		{A04E6819-701E-4A3E-AA4D-8330A3EB6850}.Debug|ARM.Build.0 = Debug|ARM
		{A04E6819-701E-4A3E-AA4D-8330A3EB6850}.Debug|x64.ActiveCfg = Debug|x64
		{A04E6819-701E-4A3E-AA4D-8330A3EB6850}.Debug|x64.Build.0 = Debug|x64
		{A04E6819-701E-4A3E-AA4D-8330A3EB6850}.Debug|x86.ActiveCfg = Debug|x86
		{A04E6819-701E-4A3E-AA4D-8330A3EB6850}.Debug|x86.Build.0 = Debug|x86
		{A04E6819-701E-4A3E-AA4D-8330A3EB6850}.Release|Any CPU.ActiveCfg = Release|Any CPU
		{A04E6819-701E-4A3E-AA4D-8330A3EB6850}.Release|Any CPU.Build.0 = Release|Any CPU
		{A04E6819-701E-4A3E-AA4D-8330A3EB6850}.Release|ARM.ActiveCfg = Release|ARM
		{A04E6819-701E-4A3E-AA4D-8330A3EB6850}.Release|ARM.Build.0 = Release|ARM
		{A04E6819-701E-4A3E-AA4D-8330A3EB6850}.Release|x64.ActiveCfg = Release|x64
		{A04E6819-701E-4A3E-AA4D-8330A3EB6850}.Release|x64.Build.0 = Release|x64
		{A04E6819-701E-4A3E-AA4D-8330A3EB6850}.Release|x86.ActiveCfg = Release|x86
		{A04E6819-701E-4A3E-AA4D-8330A3EB6850}.Release|x86.Build.0 = Release|x86
		{CCA8B731-0106-43DB-82DB-AEB9385808F4}.Debug|Any CPU.ActiveCfg = Debug|Any CPU
		{CCA8B731-0106-43DB-82DB-AEB9385808F4}.Debug|Any CPU.Build.0 = Debug|Any CPU
		{CCA8B731-0106-43DB-82DB-AEB9385808F4}.Debug|ARM.ActiveCfg = Debug|ARM
		{CCA8B731-0106-43DB-82DB-AEB9385808F4}.Debug|ARM.Build.0 = Debug|ARM
		{CCA8B731-0106-43DB-82DB-AEB9385808F4}.Debug|x64.ActiveCfg = Debug|x64
		{CCA8B731-0106-43DB-82DB-AEB9385808F4}.Debug|x64.Build.0 = Debug|x64
		{CCA8B731-0106-43DB-82DB-AEB9385808F4}.Debug|x86.ActiveCfg = Debug|x86
		{CCA8B731-0106-43DB-82DB-AEB9385808F4}.Debug|x86.Build.0 = Debug|x86
		{CCA8B731-0106-43DB-82DB-AEB9385808F4}.Release|Any CPU.ActiveCfg = Release|Any CPU
		{CCA8B731-0106-43DB-82DB-AEB9385808F4}.Release|Any CPU.Build.0 = Release|Any CPU
		{CCA8B731-0106-43DB-82DB-AEB9385808F4}.Release|ARM.ActiveCfg = Release|ARM
		{CCA8B731-0106-43DB-82DB-AEB9385808F4}.Release|ARM.Build.0 = Release|ARM
		{CCA8B731-0106-43DB-82DB-AEB9385808F4}.Release|x64.ActiveCfg = Release|x64
		{CCA8B731-0106-43DB-82DB-AEB9385808F4}.Release|x64.Build.0 = Release|x64
		{CCA8B731-0106-43DB-82DB-AEB9385808F4}.Release|x86.ActiveCfg = Release|x86
		{CCA8B731-0106-43DB-82DB-AEB9385808F4}.Release|x86.Build.0 = Release|x86
		{562DB5B7-B064-4519-A623-D81EE59CC6A1}.Debug|Any CPU.ActiveCfg = Debug|Any CPU
		{562DB5B7-B064-4519-A623-D81EE59CC6A1}.Debug|Any CPU.Build.0 = Debug|Any CPU
		{562DB5B7-B064-4519-A623-D81EE59CC6A1}.Debug|Any CPU.Deploy.0 = Debug|Any CPU
		{562DB5B7-B064-4519-A623-D81EE59CC6A1}.Debug|ARM.ActiveCfg = Debug|ARM
		{562DB5B7-B064-4519-A623-D81EE59CC6A1}.Debug|ARM.Build.0 = Debug|ARM
		{562DB5B7-B064-4519-A623-D81EE59CC6A1}.Debug|ARM.Deploy.0 = Debug|ARM
		{562DB5B7-B064-4519-A623-D81EE59CC6A1}.Debug|x64.ActiveCfg = Debug|x64
		{562DB5B7-B064-4519-A623-D81EE59CC6A1}.Debug|x64.Build.0 = Debug|x64
		{562DB5B7-B064-4519-A623-D81EE59CC6A1}.Debug|x64.Deploy.0 = Debug|x64
		{562DB5B7-B064-4519-A623-D81EE59CC6A1}.Debug|x86.ActiveCfg = Debug|x86
		{562DB5B7-B064-4519-A623-D81EE59CC6A1}.Debug|x86.Build.0 = Debug|x86
		{562DB5B7-B064-4519-A623-D81EE59CC6A1}.Debug|x86.Deploy.0 = Debug|x86
		{562DB5B7-B064-4519-A623-D81EE59CC6A1}.Release|Any CPU.ActiveCfg = Release|Any CPU
		{562DB5B7-B064-4519-A623-D81EE59CC6A1}.Release|Any CPU.Build.0 = Release|Any CPU
		{562DB5B7-B064-4519-A623-D81EE59CC6A1}.Release|Any CPU.Deploy.0 = Release|Any CPU
		{562DB5B7-B064-4519-A623-D81EE59CC6A1}.Release|ARM.ActiveCfg = Release|ARM
		{562DB5B7-B064-4519-A623-D81EE59CC6A1}.Release|ARM.Build.0 = Release|ARM
		{562DB5B7-B064-4519-A623-D81EE59CC6A1}.Release|ARM.Deploy.0 = Release|ARM
		{562DB5B7-B064-4519-A623-D81EE59CC6A1}.Release|x64.ActiveCfg = Release|x64
		{562DB5B7-B064-4519-A623-D81EE59CC6A1}.Release|x64.Build.0 = Release|x64
		{562DB5B7-B064-4519-A623-D81EE59CC6A1}.Release|x64.Deploy.0 = Release|x64
		{562DB5B7-B064-4519-A623-D81EE59CC6A1}.Release|x86.ActiveCfg = Release|x86
		{562DB5B7-B064-4519-A623-D81EE59CC6A1}.Release|x86.Build.0 = Release|x86
		{562DB5B7-B064-4519-A623-D81EE59CC6A1}.Release|x86.Deploy.0 = Release|x86
	EndGlobalSection
	GlobalSection(SolutionProperties) = preSolution
		HideSolutionNode = FALSE
	EndGlobalSection
EndGlobal
